{
  "name": "up-shop",
  "lockfileVersion": 2,
  "requires": true,
  "packages": {
    "": {
      "dependencies": {
        "@sentry/node": "^7.40.0"
      }
    },
    "node_modules/@sentry/core": {
      "version": "7.40.0",
      "resolved": "https://registry.npmjs.org/@sentry/core/-/core-7.40.0.tgz",
      "integrity": "sha512-OPAobQG0GTY++r5LWUcOA1lS+2TY2Lmw/i5s4kL9WbY+f08dbLNEGNBObY7/V98OL4f7OG+nWaPFybgM7kqUTQ==",
      "dependencies": {
        "@sentry/types": "7.40.0",
        "@sentry/utils": "7.40.0",
        "tslib": "^1.9.3"
      },
      "engines": {
        "node": ">=8"
      }
    },
    "node_modules/@sentry/node": {
      "version": "7.40.0",
      "resolved": "https://registry.npmjs.org/@sentry/node/-/node-7.40.0.tgz",
      "integrity": "sha512-S2pcLBUsCg3+WYlyQbXKPey3H1yaZPt9fpJTPAoabbidYXweBAbtFjSCRwPFwCQMzWusWxlYEwWRT77C07pHVg==",
      "dependencies": {
        "@sentry/core": "7.40.0",
        "@sentry/types": "7.40.0",
        "@sentry/utils": "7.40.0",
        "cookie": "^0.4.1",
        "https-proxy-agent": "^5.0.0",
        "lru_map": "^0.3.3",
        "tslib": "^1.9.3"
      },
      "engines": {
        "node": ">=8"
      }
    },
    "node_modules/@sentry/types": {
      "version": "7.40.0",
      "resolved": "https://registry.npmjs.org/@sentry/types/-/types-7.40.0.tgz",
      "integrity": "sha512-dIbqBenbmDx1F8pvfC11C88J83ecwumUhV+YOIxcmVd1fmlPF2hXWZ01+NTkTDkCu341sJx4wPQogByFy8FwGA==",
      "engines": {
        "node": ">=8"
      }
    },
    "node_modules/@sentry/utils": {
      "version": "7.40.0",
      "resolved": "https://registry.npmjs.org/@sentry/utils/-/utils-7.40.0.tgz",
      "integrity": "sha512-ZdCbTpAXPiVVfvNJVftnDhsctOui71MDUhVIdLkgg4Cuic+WHGPRmmZ+H6uZdp7vRaeB+Uvnn5+t2iSAVo/mAA==",
      "dependencies": {
        "@sentry/types": "7.40.0",
        "tslib": "^1.9.3"
      },
      "engines": {
        "node": ">=8"
      }
    },
    "node_modules/agent-base": {
      "version": "6.0.2",
      "resolved": "https://registry.npmjs.org/agent-base/-/agent-base-6.0.2.tgz",
      "integrity": "sha512-RZNwNclF7+MS/8bDg70amg32dyeZGZxiDuQmZxKLAlQjr3jGyLx+4Kkk58UO7D2QdgFIQCovuSuZESne6RG6XQ==",
      "dependencies": {
        "debug": "4"
      },
      "engines": {
        "node": ">= 6.0.0"
      }
    },
    "node_modules/cookie": {
      "version": "0.4.2",
      "resolved": "https://registry.npmjs.org/cookie/-/cookie-0.4.2.tgz",
      "integrity": "sha512-aSWTXFzaKWkvHO1Ny/s+ePFpvKsPnjc551iI41v3ny/ow6tBG5Vd+FuqGNhh1LxOmVzOlGUriIlOaokOvhaStA==",
      "engines": {
        "node": ">= 0.6"
      }
    },
    "node_modules/debug": {
      "version": "4.3.4",
      "resolved": "https://registry.npmjs.org/debug/-/debug-4.3.4.tgz",
      "integrity": "sha512-PRWFHuSU3eDtQJPvnNY7Jcket1j0t5OuOsFzPPzsekD52Zl8qUfFIPEiswXqIvHWGVHOgX+7G/vCNNhehwxfkQ==",
      "dependencies": {
        "ms": "2.1.2"
      },
      "engines": {
        "node": ">=6.0"
      },
      "peerDependenciesMeta": {
        "supports-color": {
          "optional": true
        }
      }
    },
    "node_modules/https-proxy-agent": {
      "version": "5.0.1",
      "resolved": "https://registry.npmjs.org/https-proxy-agent/-/https-proxy-agent-5.0.1.tgz",
      "integrity": "sha512-dFcAjpTQFgoLMzC2VwU+C/CbS7uRL0lWmxDITmqm7C+7F0Odmj6s9l6alZc6AELXhrnggM2CeWSXHGOdX2YtwA==",
      "dependencies": {
        "agent-base": "6",
        "debug": "4"
      },
      "engines": {
        "node": ">= 6"
      }
    },
    "node_modules/lru_map": {
      "version": "0.3.3",
      "resolved": "https://registry.npmjs.org/lru_map/-/lru_map-0.3.3.tgz",
      "integrity": "sha512-Pn9cox5CsMYngeDbmChANltQl+5pi6XmTrraMSzhPmMBbmgcxmqWry0U3PGapCU1yB4/LqCcom7qhHZiF/jGfQ=="
    },
    "node_modules/ms": {
      "version": "2.1.2",
      "resolved": "https://registry.npmjs.org/ms/-/ms-2.1.2.tgz",
      "integrity": "sha512-sGkPx+VjMtmA6MX27oA4FBFELFCZZ4S4XqeGOXCv68tT+jb3vk/RyaKWP0PTKyWtmLSM0b+adUTEvbs1PEaH2w=="
    },
    "node_modules/tslib": {
      "version": "1.14.1",
      "resolved": "https://registry.npmjs.org/tslib/-/tslib-1.14.1.tgz",
      "integrity": "sha512-Xni35NKzjgMrwevysHTCArtLDpPvye8zV/0E4EyYn43P7/7qvQwPh9BGkHewbMulVntbigmcT7rdX3BNo9wRJg=="
    }
  },
  "dependencies": {
    "@sentry/core": {
      "version": "7.40.0",
      "resolved": "https://registry.npmjs.org/@sentry/core/-/core-7.40.0.tgz",
      "integrity": "sha512-OPAobQG0GTY++r5LWUcOA1lS+2TY2Lmw/i5s4kL9WbY+f08dbLNEGNBObY7/V98OL4f7OG+nWaPFybgM7kqUTQ==",
      "requires": {
        "@sentry/types": "7.40.0",
        "@sentry/utils": "7.40.0",
        "tslib": "^1.9.3"
      }
    },
    "@sentry/node": {
      "version": "7.40.0",
      "resolved": "https://registry.npmjs.org/@sentry/node/-/node-7.40.0.tgz",
      "integrity": "sha512-S2pcLBUsCg3+WYlyQbXKPey3H1yaZPt9fpJTPAoabbidYXweBAbtFjSCRwPFwCQMzWusWxlYEwWRT77C07pHVg==",
      "requires": {
        "@sentry/core": "7.40.0",
        "@sentry/types": "7.40.0",
        "@sentry/utils": "7.40.0",
        "cookie": "^0.4.1",
        "https-proxy-agent": "^5.0.0",
        "lru_map": "^0.3.3",
        "tslib": "^1.9.3"
      }
    },
    "@sentry/types": {
      "version": "7.40.0",
      "resolved": "https://registry.npmjs.org/@sentry/types/-/types-7.40.0.tgz",
      "integrity": "sha512-dIbqBenbmDx1F8pvfC11C88J83ecwumUhV+YOIxcmVd1fmlPF2hXWZ01+NTkTDkCu341sJx4wPQogByFy8FwGA=="
    },
    "@sentry/utils": {
      "version": "7.40.0",
      "resolved": "https://registry.npmjs.org/@sentry/utils/-/utils-7.40.0.tgz",
      "integrity": "sha512-ZdCbTpAXPiVVfvNJVftnDhsctOui71MDUhVIdLkgg4Cuic+WHGPRmmZ+H6uZdp7vRaeB+Uvnn5+t2iSAVo/mAA==",
      "requires": {
        "@sentry/types": "7.40.0",
        "tslib": "^1.9.3"
      }
    },
    "agent-base": {
      "version": "6.0.2",
      "resolved": "https://registry.npmjs.org/agent-base/-/agent-base-6.0.2.tgz",
      "integrity": "sha512-RZNwNclF7+MS/8bDg70amg32dyeZGZxiDuQmZxKLAlQjr3jGyLx+4Kkk58UO7D2QdgFIQCovuSuZESne6RG6XQ==",
      "requires": {
        "debug": "4"
      }
    },
    "cookie": {
      "version": "0.4.2",
      "resolved": "https://registry.npmjs.org/cookie/-/cookie-0.4.2.tgz",
      "integrity": "sha512-aSWTXFzaKWkvHO1Ny/s+ePFpvKsPnjc551iI41v3ny/ow6tBG5Vd+FuqGNhh1LxOmVzOlGUriIlOaokOvhaStA=="
    },
    "debug": {
      "version": "4.3.4",
      "resolved": "https://registry.npmjs.org/debug/-/debug-4.3.4.tgz",
      "integrity": "sha512-PRWFHuSU3eDtQJPvnNY7Jcket1j0t5OuOsFzPPzsekD52Zl8qUfFIPEiswXqIvHWGVHOgX+7G/vCNNhehwxfkQ==",
      "requires": {
        "ms": "2.1.2"
      }
    },
    "https-proxy-agent": {
      "version": "5.0.1",
      "resolved": "https://registry.npmjs.org/https-proxy-agent/-/https-proxy-agent-5.0.1.tgz",
      "integrity": "sha512-dFcAjpTQFgoLMzC2VwU+C/CbS7uRL0lWmxDITmqm7C+7F0Odmj6s9l6alZc6AELXhrnggM2CeWSXHGOdX2YtwA==",
      "requires": {
        "agent-base": "6",
        "debug": "4"
      }
    },
    "lru_map": {
      "version": "0.3.3",
      "resolved": "https://registry.npmjs.org/lru_map/-/lru_map-0.3.3.tgz",
      "integrity": "sha512-Pn9cox5CsMYngeDbmChANltQl+5pi6XmTrraMSzhPmMBbmgcxmqWry0U3PGapCU1yB4/LqCcom7qhHZiF/jGfQ=="
    },
    "ms": {
      "version": "2.1.2",
      "resolved": "https://registry.npmjs.org/ms/-/ms-2.1.2.tgz",
      "integrity": "sha512-sGkPx+VjMtmA6MX27oA4FBFELFCZZ4S4XqeGOXCv68tT+jb3vk/RyaKWP0PTKyWtmLSM0b+adUTEvbs1PEaH2w=="
    },
    "tslib": {
      "version": "1.14.1",
      "resolved": "https://registry.npmjs.org/tslib/-/tslib-1.14.1.tgz",
      "integrity": "sha512-Xni35NKzjgMrwevysHTCArtLDpPvye8zV/0E4EyYn43P7/7qvQwPh9BGkHewbMulVntbigmcT7rdX3BNo9wRJg=="
    }
  }
}
